
Microsoft Visual Studio Solution File, Format Version 12.00
# Visual Studio Version 17
VisualStudioVersion = 17.5.33627.172
MinimumVisualStudioVersion = 10.0.40219.1
Project("{FAE04EC0-301F-11D3-BF4B-00C04F79EFBC}") = "ConsoleApps", "ConsoleApps.csproj", "{8F12DC36-932A-4E36-AA60-3605F8E09E15}"
EndProject
Global
	GlobalSection(SolutionConfigurationPlatforms) = preSolution
		Debug|Any CPU = Debug|Any CPU
		Release|Any CPU = Release|Any CPU
	EndGlobalSection
	GlobalSection(ProjectConfigurationPlatforms) = postSolution
		{8F12DC36-932A-4E36-AA60-3605F8E09E15}.Debug|Any CPU.ActiveCfg = Debug|Any CPU
		{8F12DC36-932A-4E36-AA60-3605F8E09E15}.Debug|Any CPU.Build.0 = Debug|Any CPU
		{8F12DC36-932A-4E36-AA60-3605F8E09E15}.Release|Any CPU.ActiveCfg = Release|Any CPU
		{8F12DC36-932A-4E36-AA60-3605F8E09E15}.Release|Any CPU.Build.0 = Release|Any CPU
	EndGlobalSection
	GlobalSection(SolutionProperties) = preSolution
		HideSolutionNode = FALSE
	EndGlobalSection
	GlobalSection(ExtensibilityGlobals) = postSolution
		SolutionGuid = {8E887C66-CAA9-4CBA-98FD-04F7B19750BC}
	EndGlobalSection
EndGlobal
